{
  "nodes": {
    "bearlibterminal-master": {
      "inputs": {
        "flakeNimbleLib": [
          "flakeNimbleLib"
        ],
        "nixpkgs": [
          "nixpkgs"
        ],
        "src-bearlibterminal-master": "src-bearlibterminal-master"
      },
      "locked": {
        "dir": "master",
        "lastModified": 1662254365,
        "narHash": "sha256-D3cobCY4/xOE8o5bNeNSyIHMLMhMpjEmSg+cZXg0Q8o=",
        "owner": "nim-nix-pkgs",
        "repo": "bearlibterminal",
        "rev": "711b6d722e94896d66acff7e0a4ebc1f307151b8",
        "type": "github"
      },
      "original": {
        "dir": "master",
        "owner": "nim-nix-pkgs",
        "ref": "master",
        "repo": "bearlibterminal",
        "type": "github"
      }
    },
    "flakeNimbleLib": {
      "inputs": {
        "nixpkgs": [
          "nixpkgs"
        ]
      },
      "locked": {
        "lastModified": 1662018438,
        "narHash": "sha256-QtNtU6+LX3Wokxf0zlFwKTFOcn6TeDjKQZ+DA9OYtvM=",
        "owner": "riinr",
        "repo": "nim-flakes-lib",
        "rev": "b1fe8340736e3a85d25c709ac3dfd82a55c03cbf",
        "type": "github"
      },
      "original": {
        "owner": "riinr",
        "ref": "master",
        "repo": "nim-flakes-lib",
        "type": "github"
      }
    },
    "nixpkgs": {
      "locked": {
        "lastModified": 1667110639,
        "narHash": "sha256-4FbPESZ5LbqQxkJJJBAfk/zKgF9h/4kyUwjjpJwYlbc=",
        "owner": "NixOS",
        "repo": "nixpkgs",
        "rev": "f38a1f04d1bec1feb61fd101a0539ae2002a7087",
        "type": "github"
      },
      "original": {
        "id": "nixpkgs",
        "type": "indirect"
      }
    },
    "root": {
      "inputs": {
        "bearlibterminal-master": "bearlibterminal-master",
        "flakeNimbleLib": "flakeNimbleLib",
        "nixpkgs": "nixpkgs"
      }
    },
    "src-bearlibterminal-master": {
      "flake": false,
      "locked": {
        "lastModified": 1539530343,
        "narHash": "sha256-3zeThlR/FocEGfLQACX6W08R4CUsOEaYH4zv2obC3yw=",
        "owner": "irskep",
        "repo": "BearLibTerminal-Nim",
        "rev": "8f5a33c34c7372dd07e7753c9fdfd6fc95c6e07a",
        "type": "github"
      },
      "original": {
        "owner": "irskep",
        "ref": "refs/heads/master",
        "repo": "BearLibTerminal-Nim",
        "type": "github"
      }
    }
  },
  "root": "root",
  "version": 7
}
